# This file is autogenerated, do not edit; changes may be undone by the next 'dep ensure'.


[[projects]]
  name = "github.com/Sirupsen/logrus"
  packages = ["."]
  revision = "f006c2ac4710855cf0f916dd6b77acf6b048dc6e"
  version = "v1.0.3"

[[projects]]
  branch = "master"
  name = "github.com/btcsuite/btcd"
  packages = ["btcec"]
  revision = "4803a8291c92a1d2d41041b942a9a9e37deab065"

[[projects]]
  branch = "master"
  name = "github.com/ebuchman/fail-test"
  packages = ["."]
  revision = "95f809107225be108efcf10a3509e4ea6ceef3c4"

[[projects]]
  name = "github.com/fsnotify/fsnotify"
  packages = ["."]
  revision = "629574ca2a5df945712d3079857300b5e4da0236"
  version = "v1.4.2"

[[projects]]
  name = "github.com/go-kit/kit"
  packages = ["log","log/level","log/term"]
  revision = "a9ca6725cbbea455e61c6bc8a1ed28e81eb3493b"
  version = "v0.5.0"

[[projects]]
  name = "github.com/go-logfmt/logfmt"
  packages = ["."]
  revision = "390ab7935ee28ec6b286364bba9b4dd6410cb3d5"
  version = "v0.3.0"

[[projects]]
  name = "github.com/go-playground/locales"
  packages = [".","currency"]
  revision = "b860c92274dfb72f517b8b4c11c6d9f2f8cc9d91"
  version = "v0.11.1"

[[projects]]
  name = "github.com/go-playground/universal-translator"
  packages = ["."]
  revision = "b32fa301c9fe55953584134cb6853a13c87ec0a1"
  version = "v0.16.0"

[[projects]]
  name = "github.com/go-stack/stack"
  packages = ["."]
  revision = "817915b46b97fd7bb80e8ab6b69f01a53ac3eebf"
  version = "v1.6.0"

[[projects]]
  branch = "master"
  name = "github.com/golang/protobuf"
  packages = ["proto","ptypes","ptypes/any","ptypes/duration","ptypes/timestamp"]
  revision = "130e6b02ab059e7b717a096f397c5b60111cae74"

[[projects]]
  branch = "master"
  name = "github.com/golang/snappy"
  packages = ["."]
  revision = "553a641470496b2327abcac10b36396bd98e45c9"

[[projects]]
  branch = "master"
  name = "github.com/google/go-github"
  packages = ["github"]
  revision = "511f540f1887d30b88cee4a2fcd1f2922754acf4"

[[projects]]
  branch = "master"
  name = "github.com/google/go-querystring"
  packages = ["query"]
  revision = "53e6ce116135b80d037921a7fdd5138cf32d7a8a"

[[projects]]
  name = "github.com/gorilla/websocket"
  packages = ["."]
  revision = "ea4d1f681babbce9545c9c5f3d5194a789c89f5b"
  version = "v1.2.0"

[[projects]]
  branch = "master"
  name = "github.com/hashicorp/hcl"
  packages = [".","hcl/ast","hcl/parser","hcl/scanner","hcl/strconv","hcl/token","json/parser","json/scanner","json/token"]
  revision = "68e816d1c783414e79bc65b3994d9ab6b0a722ab"

[[projects]]
  name = "github.com/inconshreveable/mousetrap"
  packages = ["."]
  revision = "76626ae9c91c4f2a10f34cad8ce83ea42c93bb75"
  version = "v1.0"

[[projects]]
  branch = "master"
  name = "github.com/jmhodges/levigo"
  packages = ["."]
  revision = "c42d9e0ca023e2198120196f842701bb4c55d7b9"

[[projects]]
  name = "github.com/julienschmidt/httprouter"
  packages = ["."]
  revision = "8c199fb6259ffc1af525cc3ad52ee60ba8359669"
  version = "v1.1"

[[projects]]
  branch = "master"
  name = "github.com/kardianos/osext"
  packages = ["."]
  revision = "ae77be60afb1dcacde03767a8c37337fad28ac14"

[[projects]]
  branch = "master"
  name = "github.com/kr/logfmt"
  packages = ["."]
  revision = "b84e30acd515aadc4b783ad4ff83aff3299bdfe0"

[[projects]]
  name = "github.com/magiconair/properties"
  packages = ["."]
  revision = "be5ece7dd465ab0765a9682137865547526d1dfb"
  version = "v1.7.3"

[[projects]]
  branch = "master"
  name = "github.com/mitchellh/go-homedir"
  packages = ["."]
  revision = "b8bc1bf767474819792c23f32d8286a45736f1c6"

[[projects]]
  branch = "master"
  name = "github.com/mitchellh/mapstructure"
  packages = ["."]
  revision = "d0303fe809921458f417bcf828397a65db30a7e4"

[[projects]]
  name = "github.com/pelletier/go-buffruneio"
  packages = ["."]
  revision = "c37440a7cf42ac63b919c752ca73a85067e05992"
  version = "v0.2.0"

[[projects]]
  name = "github.com/pelletier/go-toml"
  packages = ["."]
  revision = "5ccdfb18c776b740aecaf085c4d9a2779199c279"
  version = "v1.0.0"

[[projects]]
  name = "github.com/pkg/errors"
  packages = ["."]
  revision = "645ef00459ed84a119197bfb8d8205042c6df63d"
  version = "v0.8.0"

[[projects]]
  branch = "master"
  name = "github.com/rcrowley/go-metrics"
  packages = ["."]
  revision = "1f30fe9094a513ce4c700b9a54458bbb0c96996c"

[[projects]]
  branch = "master"
  name = "github.com/spf13/afero"
  packages = [".","mem"]
  revision = "ee1bd8ee15a1306d1f9201acc41ef39cd9f99a1b"

[[projects]]
  name = "github.com/spf13/cast"
  packages = ["."]
  revision = "acbeb36b902d72a7a4c18e8f3241075e7ab763e4"
  version = "v1.1.0"

[[projects]]
  branch = "master"
  name = "github.com/spf13/cobra"
  packages = ["."]
  revision = "b78744579491c1ceeaaa3b40205e56b0591b93a3"

[[projects]]
  branch = "master"
  name = "github.com/spf13/jwalterweatherman"
  packages = ["."]
  revision = "12bd96e66386c1960ab0f74ced1362f66f552f7b"

[[projects]]
  name = "github.com/spf13/pflag"
  packages = ["."]
  revision = "e57e3eeb33f795204c1ca35f56c44f83227c6e66"
  version = "v1.0.0"

[[projects]]
  name = "github.com/spf13/viper"
  packages = ["."]
  revision = "25b30aa063fc18e48662b86996252eabdcf2f0c7"
  version = "v1.0.0"

[[projects]]
  branch = "master"
  name = "github.com/syndtr/goleveldb"
  packages = ["leveldb","leveldb/cache","leveldb/comparer","leveldb/errors","leveldb/filter","leveldb/iterator","leveldb/journal","leveldb/memdb","leveldb/opt","leveldb/storage","leveldb/table","leveldb/util"]
  revision = "b89cc31ef7977104127d34c1bd31ebd1a9db2199"

[[projects]]
  name = "github.com/tendermint/abci"
  packages = ["client","example/dummy","types"]
  revision = "191c4b6d176169ffc7f9972d490fa362a3b7d940"
  version = "v0.6.0"

[[projects]]
  branch = "master"
  name = "github.com/tendermint/ed25519"
  packages = [".","edwards25519","extra25519"]
  revision = "1f52c6f8b8a5c7908aff4497c186af344b428925"

[[projects]]
  name = "github.com/tendermint/go-crypto"
  packages = ["."]
  revision = "311e8c1bf00fa5868daad4f8ea56dcad539182c0"
  version = "v0.3.0"

[[projects]]
  name = "github.com/tendermint/go-wire"
  packages = [".","data"]
  revision = "5f88da3dbc1a72844e6dfaf274ce87f851d488eb"
  version = "v0.6.2"

[[projects]]
  branch = "master"
  name = "github.com/tendermint/merkleeyes"
  packages = ["iavl"]
  revision = "2a93256d2c6fbcc3b55673c0d2b96a7e32c6238b"

[[projects]]
  branch = "develop"
  name = "github.com/tendermint/tendermint"
  packages = ["blockchain","config","consensus","mempool","node","p2p","p2p/upnp","proxy","rpc/client","rpc/core","rpc/core/types","rpc/grpc","rpc/lib","rpc/lib/client","rpc/lib/server","rpc/lib/types","rpc/test","state","state/txindex","state/txindex/kv","state/txindex/null","types","version"]
  revision = "382bead5482e8e379aea3bf7857cf8e28d6da850"

[[projects]]
  name = "github.com/tendermint/tmlibs"
  packages = ["autofile","cli/flags","clist","common","db","events","flowrate","log","merkle"]
  revision = "9997e3a3b46db1d2f88aa9816ed0e7915dad6ac1"
  version = "v0.3.1"

[[projects]]
  branch = "master"
  name = "github.com/xeipuuv/gojsonpointer"
  packages = ["."]
  revision = "6fe8760cad3569743d51ddbb243b26f8456742dc"

[[projects]]
  branch = "master"
  name = "github.com/xeipuuv/gojsonreference"
  packages = ["."]
  revision = "e02fc20de94c78484cd5ffb007f8af96be030a45"

[[projects]]
  branch = "master"
  name = "github.com/xeipuuv/gojsonschema"
  packages = ["."]
  revision = "3f523f4c14b6e925da10475eb0447c2f28614aac"

[[projects]]
  branch = "master"
  name = "golang.org/x/crypto"
  packages = ["cast5","curve25519","nacl/box","nacl/secretbox","openpgp","openpgp/armor","openpgp/elgamal","openpgp/errors","openpgp/packet","openpgp/s2k","poly1305","ripemd160","salsa20/salsa","ssh/terminal"]
  revision = "76eec36fa14229c4b25bb894c2d0e591527af429"

[[projects]]
  branch = "master"
  name = "golang.org/x/net"
  packages = ["context","context/ctxhttp","http2","http2/hpack","idna","internal/timeseries","lex/httplex","trace"]
  revision = "0a9397675ba34b2845f758fe3cd68828369c6517"

[[projects]]
  branch = "master"
  name = "golang.org/x/oauth2"
  packages = [".","internal"]
  revision = "bb50c06baba3d0c76f9d125c0719093e315b5b44"

[[projects]]
  branch = "master"
  name = "golang.org/x/sys"
  packages = ["unix","windows"]
  revision = "314a259e304ff91bd6985da2a7149bbf91237993"

[[projects]]
  branch = "master"
  name = "golang.org/x/text"
  packages = ["collate","collate/build","internal/colltab","internal/gen","internal/tag","internal/triegen","internal/ucd","language","secure/bidirule","transform","unicode/bidi","unicode/cldr","unicode/norm","unicode/rangetable"]
  revision = "1cbadb444a806fd9430d14ad08967ed91da4fa0a"

[[projects]]
  name = "google.golang.org/appengine"
  packages = ["internal","internal/base","internal/datastore","internal/log","internal/remote_api","internal/urlfetch","urlfetch"]
  revision = "150dc57a1b433e64154302bdc40b6bb8aefa313a"
  version = "v1.0.0"

[[projects]]
  branch = "master"
  name = "google.golang.org/genproto"
  packages = ["googleapis/rpc/status"]
  revision = "1e559d0a00eef8a9a43151db4665280bd8dd5886"

[[projects]]
  name = "google.golang.org/grpc"
  packages = [".","codes","connectivity","credentials","grpclb/grpc_lb_v1/messages","grpclog","internal","keepalive","metadata","naming","peer","stats","status","tap","transport"]
  revision = "f92cdcd7dcdc69e81b2d7b338479a19a8723cfa3"
  version = "v1.6.0"

[[projects]]
  name = "gopkg.in/go-playground/validator.v9"
  packages = ["."]
  revision = "a021b2ec9a8a8bb970f3f15bc42617cb520e8a64"
  version = "v9.7.0"

[[projects]]
  branch = "v2"
  name = "gopkg.in/yaml.v2"
  packages = ["."]
  revision = "eb3733d160e74a9c7e442f435eb3bea458e1d19f"

[solve-meta]
  analyzer-name = "dep"
  analyzer-version = 1
  inputs-digest = "a93398c940b360f9c68de5f85b0d244a6648397a682f90895550db5c17dce835"
  solver-name = "gps-cdcl"
  solver-version = 1
